{
    "_readme": [
        "This file locks the dependencies of your project to a known state",
        "Read more about it at https://getcomposer.org/doc/01-basic-usage.md#installing-dependencies",
        "This file is @generated automatically"
    ],
    "content-hash": "18c78e5acadae397357ae0620f5ed6ee",
    "packages": [
        {
            "name": "lulldev/Project",
            "version": "dev-master",
            "dist": {
                "type": "path",
                "url": "../Project",
                "reference": "4c1a9cc7627082f4d56f8d9faaa378ab6dcc0c9d"
            },
            "require": {
                "php": "^8.0"
            },
            "type": "library",
            "autoload": {
                "psr-4": {
                    "PizzaLibrary\\": "src/"
                }
            },
            "description": "Pizza",
            "transport-options": {
                "relative": true
            }
        }
    ],
    "packages-dev": [],
    "aliases": [],
    "minimum-stability": "stable",
    "stability-flags": {
        "lulldev/pizza": 20
    },
    "prefer-stable": false,
    "prefer-lowest": false,
    "platform": {},
    "platform-dev": {},
    "plugin-api-version": "2.6.0"
}
